
Microsoft Visual Studio Solution File, Format Version 12.00
# Visual Studio 15
VisualStudioVersion = 15.0.26124.0
MinimumVisualStudioVersion = 15.0.26124.0
Project("{FAE04EC0-301F-11D3-BF4B-00C04F79EFBC}") = "ProAgil.WebAPI", "ProAgil.WebAPI\ProAgil.WebAPI.csproj", "{5F55FFA7-B713-41DC-AF39-6F682389DA54}"
EndProject
Project("{FAE04EC0-301F-11D3-BF4B-00C04F79EFBC}") = "ProAgil.Domain", "ProAgil.Domain\ProAgil.Domain.csproj", "{4AA7E724-3062-40F8-8455-B6F6A25F2F66}"
EndProject
Project("{FAE04EC0-301F-11D3-BF4B-00C04F79EFBC}") = "ProAgil.Repository", "ProAgil.Repository\ProAgil.Repository.csproj", "{72DC92EC-DE65-4EF0-8530-1BCB04523906}"
EndProject
Global
	GlobalSection(SolutionConfigurationPlatforms) = preSolution
		Debug|Any CPU = Debug|Any CPU
		Debug|x64 = Debug|x64
		Debug|x86 = Debug|x86
		Release|Any CPU = Release|Any CPU
		Release|x64 = Release|x64
		Release|x86 = Release|x86
	EndGlobalSection
	GlobalSection(SolutionProperties) = preSolution
		HideSolutionNode = FALSE
	EndGlobalSection
	GlobalSection(ProjectConfigurationPlatforms) = postSolution
		{5F55FFA7-B713-41DC-AF39-6F682389DA54}.Debug|Any CPU.ActiveCfg = Debug|Any CPU
		{5F55FFA7-B713-41DC-AF39-6F682389DA54}.Debug|Any CPU.Build.0 = Debug|Any CPU
		{5F55FFA7-B713-41DC-AF39-6F682389DA54}.Debug|x64.ActiveCfg = Debug|Any CPU
		{5F55FFA7-B713-41DC-AF39-6F682389DA54}.Debug|x64.Build.0 = Debug|Any CPU
		{5F55FFA7-B713-41DC-AF39-6F682389DA54}.Debug|x86.ActiveCfg = Debug|Any CPU
		{5F55FFA7-B713-41DC-AF39-6F682389DA54}.Debug|x86.Build.0 = Debug|Any CPU
		{5F55FFA7-B713-41DC-AF39-6F682389DA54}.Release|Any CPU.ActiveCfg = Release|Any CPU
		{5F55FFA7-B713-41DC-AF39-6F682389DA54}.Release|Any CPU.Build.0 = Release|Any CPU
		{5F55FFA7-B713-41DC-AF39-6F682389DA54}.Release|x64.ActiveCfg = Release|Any CPU
		{5F55FFA7-B713-41DC-AF39-6F682389DA54}.Release|x64.Build.0 = Release|Any CPU
		{5F55FFA7-B713-41DC-AF39-6F682389DA54}.Release|x86.ActiveCfg = Release|Any CPU
		{5F55FFA7-B713-41DC-AF39-6F682389DA54}.Release|x86.Build.0 = Release|Any CPU
		{4AA7E724-3062-40F8-8455-B6F6A25F2F66}.Debug|Any CPU.ActiveCfg = Debug|Any CPU
		{4AA7E724-3062-40F8-8455-B6F6A25F2F66}.Debug|Any CPU.Build.0 = Debug|Any CPU
		{4AA7E724-3062-40F8-8455-B6F6A25F2F66}.Debug|x64.ActiveCfg = Debug|Any CPU
		{4AA7E724-3062-40F8-8455-B6F6A25F2F66}.Debug|x64.Build.0 = Debug|Any CPU
		{4AA7E724-3062-40F8-8455-B6F6A25F2F66}.Debug|x86.ActiveCfg = Debug|Any CPU
		{4AA7E724-3062-40F8-8455-B6F6A25F2F66}.Debug|x86.Build.0 = Debug|Any CPU
		{4AA7E724-3062-40F8-8455-B6F6A25F2F66}.Release|Any CPU.ActiveCfg = Release|Any CPU
		{4AA7E724-3062-40F8-8455-B6F6A25F2F66}.Release|Any CPU.Build.0 = Release|Any CPU
		{4AA7E724-3062-40F8-8455-B6F6A25F2F66}.Release|x64.ActiveCfg = Release|Any CPU
		{4AA7E724-3062-40F8-8455-B6F6A25F2F66}.Release|x64.Build.0 = Release|Any CPU
		{4AA7E724-3062-40F8-8455-B6F6A25F2F66}.Release|x86.ActiveCfg = Release|Any CPU
		{4AA7E724-3062-40F8-8455-B6F6A25F2F66}.Release|x86.Build.0 = Release|Any CPU
		{72DC92EC-DE65-4EF0-8530-1BCB04523906}.Debug|Any CPU.ActiveCfg = Debug|Any CPU
		{72DC92EC-DE65-4EF0-8530-1BCB04523906}.Debug|Any CPU.Build.0 = Debug|Any CPU
		{72DC92EC-DE65-4EF0-8530-1BCB04523906}.Debug|x64.ActiveCfg = Debug|Any CPU
		{72DC92EC-DE65-4EF0-8530-1BCB04523906}.Debug|x64.Build.0 = Debug|Any CPU
		{72DC92EC-DE65-4EF0-8530-1BCB04523906}.Debug|x86.ActiveCfg = Debug|Any CPU
		{72DC92EC-DE65-4EF0-8530-1BCB04523906}.Debug|x86.Build.0 = Debug|Any CPU
		{72DC92EC-DE65-4EF0-8530-1BCB04523906}.Release|Any CPU.ActiveCfg = Release|Any CPU
		{72DC92EC-DE65-4EF0-8530-1BCB04523906}.Release|Any CPU.Build.0 = Release|Any CPU
		{72DC92EC-DE65-4EF0-8530-1BCB04523906}.Release|x64.ActiveCfg = Release|Any CPU
		{72DC92EC-DE65-4EF0-8530-1BCB04523906}.Release|x64.Build.0 = Release|Any CPU
		{72DC92EC-DE65-4EF0-8530-1BCB04523906}.Release|x86.ActiveCfg = Release|Any CPU
		{72DC92EC-DE65-4EF0-8530-1BCB04523906}.Release|x86.Build.0 = Release|Any CPU
	EndGlobalSection
EndGlobal
